
Microsoft Visual Studio Solution File, Format Version 12.00
# Visual Studio Version 16
VisualStudioVersion = 16.0.29403.142
MinimumVisualStudioVersion = 10.0.40219.1
Project("{9A19103F-16F7-4668-BE54-9A1E7A4F7556}") = "Lab7Collections", "Lab7Collections\Lab7Collections.csproj", "{B6B737C7-2B1C-4BA1-ADBA-99269B699FAC}"
EndProject
Project("{FAE04EC0-301F-11D3-BF4B-00C04F79EFBC}") = "XUnitTestProject1", "XUnitTestProject1\XUnitTestProject1.csproj", "{6B180E55-FE02-4159-B976-E1F693B7461D}"
EndProject
Global
	GlobalSection(SolutionConfigurationPlatforms) = preSolution
		Debug|Any CPU = Debug|Any CPU
		Release|Any CPU = Release|Any CPU
	EndGlobalSection
	GlobalSection(ProjectConfigurationPlatforms) = postSolution
		{B6B737C7-2B1C-4BA1-ADBA-99269B699FAC}.Debug|Any CPU.ActiveCfg = Debug|Any CPU
		{B6B737C7-2B1C-4BA1-ADBA-99269B699FAC}.Debug|Any CPU.Build.0 = Debug|Any CPU
		{B6B737C7-2B1C-4BA1-ADBA-99269B699FAC}.Release|Any CPU.ActiveCfg = Release|Any CPU
		{B6B737C7-2B1C-4BA1-ADBA-99269B699FAC}.Release|Any CPU.Build.0 = Release|Any CPU
		{6B180E55-FE02-4159-B976-E1F693B7461D}.Debug|Any CPU.ActiveCfg = Debug|Any CPU
		{6B180E55-FE02-4159-B976-E1F693B7461D}.Debug|Any CPU.Build.0 = Debug|Any CPU
		{6B180E55-FE02-4159-B976-E1F693B7461D}.Release|Any CPU.ActiveCfg = Release|Any CPU
		{6B180E55-FE02-4159-B976-E1F693B7461D}.Release|Any CPU.Build.0 = Release|Any CPU
	EndGlobalSection
	GlobalSection(SolutionProperties) = preSolution
		HideSolutionNode = FALSE
	EndGlobalSection
	GlobalSection(ExtensibilityGlobals) = postSolution
		SolutionGuid = {4D4F5525-7B5C-46B7-9CED-E4B2E106FC6C}
	EndGlobalSection
EndGlobal
